{
  "name": "component-scoped-csr",
  "version": "0.0.1",
  "lockfileVersion": 2,
  "requires": true,
  "packages": {
    "": {
      "name": "component-scoped-csr",
      "version": "0.0.1",
      "dependencies": {
        "sveltekit-i18n": "../../"
      },
      "devDependencies": {
        "@sveltejs/adapter-auto": "next",
        "@sveltejs/kit": "next",
        "svelte": "^3.44.0"
      }
    },
    "../..": {
      "version": "1.0.0-beta.22",
      "license": "ISC",
      "devDependencies": {
        "@rollup/plugin-typescript": "^8.3.0",
        "@typescript-eslint/eslint-plugin": "^5.7.0",
        "@typescript-eslint/parser": "^5.7.0",
        "eslint": "^8.4.1",
        "eslint-config-airbnb-typescript": "^16.1.0",
        "eslint-plugin-import": "^2.25.3",
        "rollup": "^2.61.1",
        "rollup-plugin-auto-external": "^2.0.0",
        "rollup-plugin-dts": "^4.0.1",
        "rollup-plugin-terser": "^7.0.2",
        "svelte": "^3.44.3",
        "typescript": "^4.5.4"
      },
      "peerDependencies": {
        "svelte": "^3.44.3"
      }
    },
    "node_modules/@iarna/toml": {
      "version": "2.2.5",
      "dev": true,
      "license": "ISC"
    },
    "node_modules/@rollup/pluginutils": {
      "version": "4.1.2",
      "dev": true,
      "license": "MIT",
      "dependencies": {
        "estree-walker": "^2.0.1",
        "picomatch": "^2.2.2"
      },
      "engines": {
        "node": ">= 8.0.0"
      }
    },
    "node_modules/@sveltejs/adapter-auto": {
      "version": "1.0.0-next.4",
      "resolved": "https://registry.npmjs.org/@sveltejs/adapter-auto/-/adapter-auto-1.0.0-next.4.tgz",
      "integrity": "sha512-kfygrjF2uIgVVDsySl7I9oWSekU6adJCr/3qzLQDLM4FJ98FWmfhj4OOWsmF9X4JRPSm97t3RPugYsN3NLwKMQ==",
      "dev": true,
      "dependencies": {
        "@sveltejs/adapter-cloudflare": "1.0.0-next.3",
        "@sveltejs/adapter-netlify": "1.0.0-next.36",
        "@sveltejs/adapter-vercel": "1.0.0-next.32"
      }
    },
    "node_modules/@sveltejs/adapter-cloudflare": {
      "version": "1.0.0-next.3",
      "dev": true,
      "license": "MIT",
      "dependencies": {
        "esbuild": "^0.13.15"
      }
    },
    "node_modules/@sveltejs/adapter-netlify": {
      "version": "1.0.0-next.36",
      "dev": true,
      "license": "MIT",
      "dependencies": {
        "@iarna/toml": "^2.2.5",
        "esbuild": "^0.13.15"
      }
    },
    "node_modules/@sveltejs/adapter-vercel": {
      "version": "1.0.0-next.32",
      "dev": true,
      "license": "MIT",
      "dependencies": {
        "esbuild": "^0.13.15"
      }
    },
    "node_modules/@sveltejs/kit": {
      "version": "1.0.0-next.202",
      "resolved": "https://registry.npmjs.org/@sveltejs/kit/-/kit-1.0.0-next.202.tgz",
      "integrity": "sha512-rXmJ0FplkWvD1CaeCfejRYhOJYrlmeUm5Fkw7gIKDdWPQev5rqOhd9B9ZvRpq35oMqCAwaOfK+e5S6k+83feEQ==",
      "dev": true,
      "dependencies": {
        "@sveltejs/vite-plugin-svelte": "^1.0.0-next.30",
        "cheap-watch": "^1.0.4",
        "sade": "^1.7.4",
        "vite": "^2.7.2"
      },
      "bin": {
        "svelte-kit": "svelte-kit.js"
      },
      "engines": {
        "node": ">=14.13"
      },
      "peerDependencies": {
        "svelte": "^3.44.0"
      }
    },
    "node_modules/@sveltejs/vite-plugin-svelte": {
      "version": "1.0.0-next.32",
      "dev": true,
      "license": "MIT",
      "dependencies": {
        "@rollup/pluginutils": "^4.1.1",
        "debug": "^4.3.3",
        "kleur": "^4.1.4",
        "magic-string": "^0.25.7",
        "require-relative": "^0.8.7",
        "svelte-hmr": "^0.14.7"
      },
      "engines": {
        "node": "^14.13.1 || >= 16"
      },
      "peerDependencies": {
        "diff-match-patch": "^1.0.5",
        "svelte": "^3.44.0",
        "vite": "^2.7.0"
      },
      "peerDependenciesMeta": {
        "diff-match-patch": {
          "optional": true
        }
      }
    },
    "node_modules/cheap-watch": {
      "version": "1.0.4",
      "dev": true,
      "license": "MIT",
      "engines": {
        "node": ">=8"
      }
    },
    "node_modules/debug": {
      "version": "4.3.3",
      "dev": true,
      "license": "MIT",
      "dependencies": {
        "ms": "2.1.2"
      },
      "engines": {
        "node": ">=6.0"
      },
      "peerDependenciesMeta": {
        "supports-color": {
          "optional": true
        }
      }
    },
    "node_modules/esbuild": {
      "version": "0.13.15",
      "dev": true,
      "hasInstallScript": true,
      "license": "MIT",
      "bin": {
        "esbuild": "bin/esbuild"
      },
      "optionalDependencies": {
        "esbuild-android-arm64": "0.13.15",
        "esbuild-darwin-64": "0.13.15",
        "esbuild-darwin-arm64": "0.13.15",
        "esbuild-freebsd-64": "0.13.15",
        "esbuild-freebsd-arm64": "0.13.15",
        "esbuild-linux-32": "0.13.15",
        "esbuild-linux-64": "0.13.15",
        "esbuild-linux-arm": "0.13.15",
        "esbuild-linux-arm64": "0.13.15",
        "esbuild-linux-mips64le": "0.13.15",
        "esbuild-linux-ppc64le": "0.13.15",
        "esbuild-netbsd-64": "0.13.15",
        "esbuild-openbsd-64": "0.13.15",
        "esbuild-sunos-64": "0.13.15",
        "esbuild-windows-32": "0.13.15",
        "esbuild-windows-64": "0.13.15",
        "esbuild-windows-arm64": "0.13.15"
      }
    },
    "node_modules/esbuild-darwin-64": {
      "version": "0.13.15",
      "cpu": [
        "x64"
      ],
      "dev": true,
      "license": "MIT",
      "optional": true,
      "os": [
        "darwin"
      ]
    },
    "node_modules/estree-walker": {
      "version": "2.0.2",
      "dev": true,
      "license": "MIT"
    },
    "node_modules/fsevents": {
      "version": "2.3.2",
      "dev": true,
      "license": "MIT",
      "optional": true,
      "os": [
        "darwin"
      ],
      "engines": {
        "node": "^8.16.0 || ^10.6.0 || >=11.0.0"
      }
    },
    "node_modules/function-bind": {
      "version": "1.1.1",
      "dev": true,
      "license": "MIT"
    },
    "node_modules/has": {
      "version": "1.0.3",
      "dev": true,
      "license": "MIT",
      "dependencies": {
        "function-bind": "^1.1.1"
      },
      "engines": {
        "node": ">= 0.4.0"
      }
    },
    "node_modules/is-core-module": {
      "version": "2.8.0",
      "dev": true,
      "license": "MIT",
      "dependencies": {
        "has": "^1.0.3"
      },
      "funding": {
        "url": "https://github.com/sponsors/ljharb"
      }
    },
    "node_modules/kleur": {
      "version": "4.1.4",
      "dev": true,
      "license": "MIT",
      "engines": {
        "node": ">=6"
      }
    },
    "node_modules/magic-string": {
      "version": "0.25.7",
      "dev": true,
      "license": "MIT",
      "dependencies": {
        "sourcemap-codec": "^1.4.4"
      }
    },
    "node_modules/mri": {
      "version": "1.2.0",
      "dev": true,
      "license": "MIT",
      "engines": {
        "node": ">=4"
      }
    },
    "node_modules/ms": {
      "version": "2.1.2",
      "dev": true,
      "license": "MIT"
    },
    "node_modules/nanoid": {
      "version": "3.1.30",
      "dev": true,
      "license": "MIT",
      "bin": {
        "nanoid": "bin/nanoid.cjs"
      },
      "engines": {
        "node": "^10 || ^12 || ^13.7 || ^14 || >=15.0.1"
      }
    },
    "node_modules/path-parse": {
      "version": "1.0.7",
      "dev": true,
      "license": "MIT"
    },
    "node_modules/picocolors": {
      "version": "1.0.0",
      "dev": true,
      "license": "ISC"
    },
    "node_modules/picomatch": {
      "version": "2.3.0",
      "dev": true,
      "license": "MIT",
      "engines": {
        "node": ">=8.6"
      },
      "funding": {
        "url": "https://github.com/sponsors/jonschlinkert"
      }
    },
    "node_modules/postcss": {
      "version": "8.4.5",
      "dev": true,
      "license": "MIT",
      "dependencies": {
        "nanoid": "^3.1.30",
        "picocolors": "^1.0.0",
        "source-map-js": "^1.0.1"
      },
      "engines": {
        "node": "^10 || ^12 || >=14"
      },
      "funding": {
        "type": "opencollective",
        "url": "https://opencollective.com/postcss/"
      }
    },
    "node_modules/require-relative": {
      "version": "0.8.7",
      "dev": true,
      "license": "MIT"
    },
    "node_modules/resolve": {
      "version": "1.20.0",
      "dev": true,
      "license": "MIT",
      "dependencies": {
        "is-core-module": "^2.2.0",
        "path-parse": "^1.0.6"
      },
      "funding": {
        "url": "https://github.com/sponsors/ljharb"
      }
    },
    "node_modules/rollup": {
      "version": "2.61.1",
      "dev": true,
      "license": "MIT",
      "bin": {
        "rollup": "dist/bin/rollup"
      },
      "engines": {
        "node": ">=10.0.0"
      },
      "optionalDependencies": {
        "fsevents": "~2.3.2"
      }
    },
    "node_modules/sade": {
      "version": "1.7.4",
      "dev": true,
      "license": "MIT",
      "dependencies": {
        "mri": "^1.1.0"
      },
      "engines": {
        "node": ">= 6"
      }
    },
    "node_modules/source-map-js": {
      "version": "1.0.1",
      "dev": true,
      "license": "BSD-3-Clause",
      "engines": {
        "node": ">=0.10.0"
      }
    },
    "node_modules/sourcemap-codec": {
      "version": "1.4.8",
      "dev": true,
      "license": "MIT"
    },
    "node_modules/svelte": {
      "version": "3.44.3",
      "dev": true,
      "license": "MIT",
      "engines": {
        "node": ">= 8"
      }
    },
    "node_modules/svelte-hmr": {
      "version": "0.14.7",
      "dev": true,
      "license": "ISC",
      "peerDependencies": {
        "svelte": ">=3.19.0"
      }
    },
    "node_modules/sveltekit-i18n": {
      "resolved": "../..",
      "link": true
    },
    "node_modules/vite": {
      "version": "2.7.2",
      "dev": true,
      "license": "MIT",
      "dependencies": {
        "esbuild": "^0.13.12",
        "postcss": "^8.3.11",
        "resolve": "^1.20.0",
        "rollup": "^2.59.0"
      },
      "bin": {
        "vite": "bin/vite.js"
      },
      "engines": {
        "node": ">=12.2.0"
      },
      "optionalDependencies": {
        "fsevents": "~2.3.2"
      },
      "peerDependencies": {
        "less": "*",
        "sass": "*",
        "stylus": "*"
      },
      "peerDependenciesMeta": {
        "less": {
          "optional": true
        },
        "sass": {
          "optional": true
        },
        "stylus": {
          "optional": true
        }
      }
    }
  },
  "dependencies": {
    "@iarna/toml": {
      "version": "2.2.5",
      "dev": true
    },
    "@rollup/pluginutils": {
      "version": "4.1.2",
      "dev": true,
      "requires": {
        "estree-walker": "^2.0.1",
        "picomatch": "^2.2.2"
      }
    },
    "@sveltejs/adapter-auto": {
      "version": "1.0.0-next.4",
      "resolved": "https://registry.npmjs.org/@sveltejs/adapter-auto/-/adapter-auto-1.0.0-next.4.tgz",
      "integrity": "sha512-kfygrjF2uIgVVDsySl7I9oWSekU6adJCr/3qzLQDLM4FJ98FWmfhj4OOWsmF9X4JRPSm97t3RPugYsN3NLwKMQ==",
      "dev": true,
      "requires": {
        "@sveltejs/adapter-cloudflare": "1.0.0-next.3",
        "@sveltejs/adapter-netlify": "1.0.0-next.36",
        "@sveltejs/adapter-vercel": "1.0.0-next.32"
      }
    },
    "@sveltejs/adapter-cloudflare": {
      "version": "1.0.0-next.3",
      "dev": true,
      "requires": {
        "esbuild": "^0.13.15"
      }
    },
    "@sveltejs/adapter-netlify": {
      "version": "1.0.0-next.36",
      "dev": true,
      "requires": {
        "@iarna/toml": "^2.2.5",
        "esbuild": "^0.13.15"
      }
    },
    "@sveltejs/adapter-vercel": {
      "version": "1.0.0-next.32",
      "dev": true,
      "requires": {
        "esbuild": "^0.13.15"
      }
    },
    "@sveltejs/kit": {
      "version": "1.0.0-next.202",
      "resolved": "https://registry.npmjs.org/@sveltejs/kit/-/kit-1.0.0-next.202.tgz",
      "integrity": "sha512-rXmJ0FplkWvD1CaeCfejRYhOJYrlmeUm5Fkw7gIKDdWPQev5rqOhd9B9ZvRpq35oMqCAwaOfK+e5S6k+83feEQ==",
      "dev": true,
      "requires": {
        "@sveltejs/vite-plugin-svelte": "^1.0.0-next.30",
        "cheap-watch": "^1.0.4",
        "sade": "^1.7.4",
        "vite": "^2.7.2"
      }
    },
    "@sveltejs/vite-plugin-svelte": {
      "version": "1.0.0-next.32",
      "dev": true,
      "requires": {
        "@rollup/pluginutils": "^4.1.1",
        "debug": "^4.3.3",
        "kleur": "^4.1.4",
        "magic-string": "^0.25.7",
        "require-relative": "^0.8.7",
        "svelte-hmr": "^0.14.7"
      }
    },
    "cheap-watch": {
      "version": "1.0.4",
      "dev": true
    },
    "debug": {
      "version": "4.3.3",
      "dev": true,
      "requires": {
        "ms": "2.1.2"
      }
    },
    "esbuild": {
      "version": "0.13.15",
      "dev": true,
      "requires": {
        "esbuild-android-arm64": "0.13.15",
        "esbuild-darwin-64": "0.13.15",
        "esbuild-darwin-arm64": "0.13.15",
        "esbuild-freebsd-64": "0.13.15",
        "esbuild-freebsd-arm64": "0.13.15",
        "esbuild-linux-32": "0.13.15",
        "esbuild-linux-64": "0.13.15",
        "esbuild-linux-arm": "0.13.15",
        "esbuild-linux-arm64": "0.13.15",
        "esbuild-linux-mips64le": "0.13.15",
        "esbuild-linux-ppc64le": "0.13.15",
        "esbuild-netbsd-64": "0.13.15",
        "esbuild-openbsd-64": "0.13.15",
        "esbuild-sunos-64": "0.13.15",
        "esbuild-windows-32": "0.13.15",
        "esbuild-windows-64": "0.13.15",
        "esbuild-windows-arm64": "0.13.15"
      }
    },
    "esbuild-darwin-64": {
      "version": "0.13.15",
      "dev": true,
      "optional": true
    },
    "estree-walker": {
      "version": "2.0.2",
      "dev": true
    },
    "fsevents": {
      "version": "2.3.2",
      "dev": true,
      "optional": true
    },
    "function-bind": {
      "version": "1.1.1",
      "dev": true
    },
    "has": {
      "version": "1.0.3",
      "dev": true,
      "requires": {
        "function-bind": "^1.1.1"
      }
    },
    "is-core-module": {
      "version": "2.8.0",
      "dev": true,
      "requires": {
        "has": "^1.0.3"
      }
    },
    "kleur": {
      "version": "4.1.4",
      "dev": true
    },
    "magic-string": {
      "version": "0.25.7",
      "dev": true,
      "requires": {
        "sourcemap-codec": "^1.4.4"
      }
    },
    "mri": {
      "version": "1.2.0",
      "dev": true
    },
    "ms": {
      "version": "2.1.2",
      "dev": true
    },
    "nanoid": {
      "version": "3.1.30",
      "dev": true
    },
    "path-parse": {
      "version": "1.0.7",
      "dev": true
    },
    "picocolors": {
      "version": "1.0.0",
      "dev": true
    },
    "picomatch": {
      "version": "2.3.0",
      "dev": true
    },
    "postcss": {
      "version": "8.4.5",
      "dev": true,
      "requires": {
        "nanoid": "^3.1.30",
        "picocolors": "^1.0.0",
        "source-map-js": "^1.0.1"
      }
    },
    "require-relative": {
      "version": "0.8.7",
      "dev": true
    },
    "resolve": {
      "version": "1.20.0",
      "dev": true,
      "requires": {
        "is-core-module": "^2.2.0",
        "path-parse": "^1.0.6"
      }
    },
    "rollup": {
      "version": "2.61.1",
      "dev": true,
      "requires": {
        "fsevents": "~2.3.2"
      }
    },
    "sade": {
      "version": "1.7.4",
      "dev": true,
      "requires": {
        "mri": "^1.1.0"
      }
    },
    "source-map-js": {
      "version": "1.0.1",
      "dev": true
    },
    "sourcemap-codec": {
      "version": "1.4.8",
      "dev": true
    },
    "svelte": {
      "version": "3.44.3",
      "dev": true
    },
    "svelte-hmr": {
      "version": "0.14.7",
      "dev": true,
      "requires": {}
    },
    "sveltekit-i18n": {
      "version": "file:../..",
      "requires": {
        "@rollup/plugin-typescript": "^8.3.0",
        "@typescript-eslint/eslint-plugin": "^5.7.0",
        "@typescript-eslint/parser": "^5.7.0",
        "eslint": "^8.4.1",
        "eslint-config-airbnb-typescript": "^16.1.0",
        "eslint-plugin-import": "^2.25.3",
        "rollup": "^2.61.1",
        "rollup-plugin-auto-external": "^2.0.0",
        "rollup-plugin-dts": "^4.0.1",
        "rollup-plugin-terser": "^7.0.2",
        "svelte": "^3.44.3",
        "typescript": "^4.5.4"
      }
    },
    "vite": {
      "version": "2.7.2",
      "dev": true,
      "requires": {
        "esbuild": "^0.13.12",
        "fsevents": "~2.3.2",
        "postcss": "^8.3.11",
        "resolve": "^1.20.0",
        "rollup": "^2.59.0"
      }
    }
  }
}
